
Microsoft Visual Studio Solution File, Format Version 12.00
# Visual Studio Version 16
VisualStudioVersion = 16.0.30804.86
MinimumVisualStudioVersion = 10.0.40219.1
Project("{FAE04EC0-301F-11D3-BF4B-00C04F79EFBC}") = "UdemyIdentity", "UdemyIdentity\UdemyIdentity.csproj", "{FD854C8F-EC03-4723-8668-49B7BA850505}"
EndProject
Global
	GlobalSection(SolutionConfigurationPlatforms) = preSolution
		Debug|Any CPU = Debug|Any CPU
		Release|Any CPU = Release|Any CPU
	EndGlobalSection
	GlobalSection(ProjectConfigurationPlatforms) = postSolution
		{FD854C8F-EC03-4723-8668-49B7BA850505}.Debug|Any CPU.ActiveCfg = Debug|Any CPU
		{FD854C8F-EC03-4723-8668-49B7BA850505}.Debug|Any CPU.Build.0 = Debug|Any CPU
		{FD854C8F-EC03-4723-8668-49B7BA850505}.Release|Any CPU.ActiveCfg = Release|Any CPU
		{FD854C8F-EC03-4723-8668-49B7BA850505}.Release|Any CPU.Build.0 = Release|Any CPU
	EndGlobalSection
	GlobalSection(SolutionProperties) = preSolution
		HideSolutionNode = FALSE
	EndGlobalSection
	GlobalSection(ExtensibilityGlobals) = postSolution
		SolutionGuid = {415D7704-904B-4AE9-B0C9-6CBA0D76F279}
	EndGlobalSection
EndGlobal
